
Microsoft Visual Studio Solution File, Format Version 12.00
# Visual Studio Version 16
VisualStudioVersion = 16.0.30204.135
MinimumVisualStudioVersion = 10.0.40219.1
Project("{FAE04EC0-301F-11D3-BF4B-00C04F79EFBC}") = "school-multitool", "school-multitool\school-multitool.csproj", "{93BAB96E-26E0-43D0-BD90-D7D99F0A73E0}"
EndProject
Global
	GlobalSection(SolutionConfigurationPlatforms) = preSolution
		Debug|Any CPU = Debug|Any CPU
		Release|Any CPU = Release|Any CPU
	EndGlobalSection
	GlobalSection(ProjectConfigurationPlatforms) = postSolution
		{93BAB96E-26E0-43D0-BD90-D7D99F0A73E0}.Debug|Any CPU.ActiveCfg = Debug|Any CPU
		{93BAB96E-26E0-43D0-BD90-D7D99F0A73E0}.Debug|Any CPU.Build.0 = Debug|Any CPU
		{93BAB96E-26E0-43D0-BD90-D7D99F0A73E0}.Release|Any CPU.ActiveCfg = Release|Any CPU
		{93BAB96E-26E0-43D0-BD90-D7D99F0A73E0}.Release|Any CPU.Build.0 = Release|Any CPU
	EndGlobalSection
	GlobalSection(SolutionProperties) = preSolution
		HideSolutionNode = FALSE
	EndGlobalSection
	GlobalSection(ExtensibilityGlobals) = postSolution
		SolutionGuid = {EEBAADB3-66F6-4545-A789-D30BBA35AC4A}
	EndGlobalSection
EndGlobal
