
Microsoft Visual Studio Solution File, Format Version 12.00
# Visual Studio Version 16
VisualStudioVersion = 16.0.30204.135
MinimumVisualStudioVersion = 10.0.40219.1
Project("{FAE04EC0-301F-11D3-BF4B-00C04F79EFBC}") = "Invincible launcher", "Invincible launcher\Invincible launcher.csproj", "{BF56D176-FBD2-4384-8CA0-D55C1E284BAC}"
EndProject
Global
	GlobalSection(SolutionConfigurationPlatforms) = preSolution
		Debug|Any CPU = Debug|Any CPU
		Release|Any CPU = Release|Any CPU
	EndGlobalSection
	GlobalSection(ProjectConfigurationPlatforms) = postSolution
		{BF56D176-FBD2-4384-8CA0-D55C1E284BAC}.Debug|Any CPU.ActiveCfg = Debug|Any CPU
		{BF56D176-FBD2-4384-8CA0-D55C1E284BAC}.Debug|Any CPU.Build.0 = Debug|Any CPU
		{BF56D176-FBD2-4384-8CA0-D55C1E284BAC}.Release|Any CPU.ActiveCfg = Release|Any CPU
		{BF56D176-FBD2-4384-8CA0-D55C1E284BAC}.Release|Any CPU.Build.0 = Release|Any CPU
	EndGlobalSection
	GlobalSection(SolutionProperties) = preSolution
		HideSolutionNode = FALSE
	EndGlobalSection
	GlobalSection(ExtensibilityGlobals) = postSolution
		SolutionGuid = {EAD9A99F-6B77-4F29-A685-9AB1E20337FF}
	EndGlobalSection
EndGlobal
